
Microsoft Visual Studio Solution File, Format Version 12.00
# Visual Studio Version 17
VisualStudioVersion = 17.4.33110.190
MinimumVisualStudioVersion = 10.0.40219.1
Project("{9A19103F-16F7-4668-BE54-9A1E7A4F7556}") = "MPCFilePickerMauiLibrary", "MPCFilePickerMauiLibrary\MPCFilePickerMauiLibrary.csproj", "{190E029F-A21A-4F01-A279-F51A48F6D56A}"
EndProject
Project("{9A19103F-16F7-4668-BE54-9A1E7A4F7556}") = "MPCLibrariesDebugApp", "MPCLibrariesDebugApp\MPCLibrariesDebugApp.csproj", "{75B9BA40-83FD-4C1B-9836-E415B8FFAF33}"
EndProject
Project("{FAE04EC0-301F-11D3-BF4B-00C04F79EFBC}") = "MPCDataManagerLibrary", "MPCDataManagerLibrary\MPCDataManagerLibrary.csproj", "{DEB72ECD-5014-4E25-A218-DE6DE5479759}"
EndProject
Global
	GlobalSection(SolutionConfigurationPlatforms) = preSolution
		Debug|Any CPU = Debug|Any CPU
		Release|Any CPU = Release|Any CPU
	EndGlobalSection
	GlobalSection(ProjectConfigurationPlatforms) = postSolution
		{190E029F-A21A-4F01-A279-F51A48F6D56A}.Debug|Any CPU.ActiveCfg = Debug|Any CPU
		{190E029F-A21A-4F01-A279-F51A48F6D56A}.Debug|Any CPU.Build.0 = Debug|Any CPU
		{190E029F-A21A-4F01-A279-F51A48F6D56A}.Release|Any CPU.ActiveCfg = Release|Any CPU
		{190E029F-A21A-4F01-A279-F51A48F6D56A}.Release|Any CPU.Build.0 = Release|Any CPU
		{75B9BA40-83FD-4C1B-9836-E415B8FFAF33}.Debug|Any CPU.ActiveCfg = Debug|Any CPU
		{75B9BA40-83FD-4C1B-9836-E415B8FFAF33}.Debug|Any CPU.Build.0 = Debug|Any CPU
		{75B9BA40-83FD-4C1B-9836-E415B8FFAF33}.Debug|Any CPU.Deploy.0 = Debug|Any CPU
		{75B9BA40-83FD-4C1B-9836-E415B8FFAF33}.Release|Any CPU.ActiveCfg = Release|Any CPU
		{75B9BA40-83FD-4C1B-9836-E415B8FFAF33}.Release|Any CPU.Build.0 = Release|Any CPU
		{75B9BA40-83FD-4C1B-9836-E415B8FFAF33}.Release|Any CPU.Deploy.0 = Release|Any CPU
		{DEB72ECD-5014-4E25-A218-DE6DE5479759}.Debug|Any CPU.ActiveCfg = Debug|Any CPU
		{DEB72ECD-5014-4E25-A218-DE6DE5479759}.Debug|Any CPU.Build.0 = Debug|Any CPU
		{DEB72ECD-5014-4E25-A218-DE6DE5479759}.Release|Any CPU.ActiveCfg = Release|Any CPU
		{DEB72ECD-5014-4E25-A218-DE6DE5479759}.Release|Any CPU.Build.0 = Release|Any CPU
	EndGlobalSection
	GlobalSection(SolutionProperties) = preSolution
		HideSolutionNode = FALSE
	EndGlobalSection
	GlobalSection(ExtensibilityGlobals) = postSolution
		SolutionGuid = {66712F05-63B7-455F-ABAE-FB4396972049}
	EndGlobalSection
EndGlobal
