
Microsoft Visual Studio Solution File, Format Version 12.00
# Visual Studio Version 17
VisualStudioVersion = 17.4.33110.190
MinimumVisualStudioVersion = 10.0.40219.1
Project("{FAE04EC0-301F-11D3-BF4B-00C04F79EFBC}") = "MPCFilePickerMauiLibrary", "MPCFilePickerMauiLibrary\MPCFilePickerMauiLibrary.csproj", "{190E029F-A21A-4F01-A279-F51A48F6D56A}"
EndProject
Global
	GlobalSection(SolutionConfigurationPlatforms) = preSolution
		Debug|Any CPU = Debug|Any CPU
		Release|Any CPU = Release|Any CPU
	EndGlobalSection
	GlobalSection(ProjectConfigurationPlatforms) = postSolution
		{190E029F-A21A-4F01-A279-F51A48F6D56A}.Debug|Any CPU.ActiveCfg = Debug|Any CPU
		{190E029F-A21A-4F01-A279-F51A48F6D56A}.Debug|Any CPU.Build.0 = Debug|Any CPU
		{190E029F-A21A-4F01-A279-F51A48F6D56A}.Release|Any CPU.ActiveCfg = Release|Any CPU
		{190E029F-A21A-4F01-A279-F51A48F6D56A}.Release|Any CPU.Build.0 = Release|Any CPU
	EndGlobalSection
	GlobalSection(SolutionProperties) = preSolution
		HideSolutionNode = FALSE
	EndGlobalSection
	GlobalSection(ExtensibilityGlobals) = postSolution
		SolutionGuid = {66712F05-63B7-455F-ABAE-FB4396972049}
	EndGlobalSection
EndGlobal
